// !$*UTF8*$!
{
	archiveVersion = 1;
	classes = {
	};
	objectVersion = 55;
	objects = {

/* Begin PBXBuildFile section */
		9D3D6AE228F59D280082E0E9 /* Assets.xcassets in Resources */ = {isa = PBXBuildFile; fileRef = 9D3D6AE128F59D280082E0E9 /* Assets.xcassets */; };
		BE0BA91F28C8FD520065D19D /* CacheManager.swift in Sources */ = {isa = PBXBuildFile; fileRef = BE0BA91E28C8FD520065D19D /* CacheManager.swift */; };
		BE0BA92128CA6B230065D19D /* SignOut.swift in Sources */ = {isa = PBXBuildFile; fileRef = BE0BA92028CA6B230065D19D /* SignOut.swift */; };
		BE0BA92428CBA8AD0065D19D /* Constants.swift in Sources */ = {isa = PBXBuildFile; fileRef = BE0BA92328CBA8AD0065D19D /* Constants.swift */; };
		BE11ED7528C2842E00374ACE /* AppDelegate.swift in Sources */ = {isa = PBXBuildFile; fileRef = BE11ED7428C2842E00374ACE /* AppDelegate.swift */; };
		BE11ED7728C2842E00374ACE /* SceneDelegate.swift in Sources */ = {isa = PBXBuildFile; fileRef = BE11ED7628C2842E00374ACE /* SceneDelegate.swift */; };
		BE11ED7928C2842E00374ACE /* WelcomeViewController.swift in Sources */ = {isa = PBXBuildFile; fileRef = BE11ED7828C2842E00374ACE /* WelcomeViewController.swift */; };
		BE11ED7C28C2842E00374ACE /* Main.storyboard in Resources */ = {isa = PBXBuildFile; fileRef = BE11ED7A28C2842E00374ACE /* Main.storyboard */; };
		BE11ED8128C2843600374ACE /* LaunchScreen.storyboard in Resources */ = {isa = PBXBuildFile; fileRef = BE11ED7F28C2843600374ACE /* LaunchScreen.storyboard */; };
		BE11ED8D28C28BA100374ACE /* AuthViewController.swift in Sources */ = {isa = PBXBuildFile; fileRef = BE11ED8C28C28BA100374ACE /* AuthViewController.swift */; };
		BE11ED8F28C28BBA00374ACE /* MediaListViewController.swift in Sources */ = {isa = PBXBuildFile; fileRef = BE11ED8E28C28BBA00374ACE /* MediaListViewController.swift */; };
		BE11ED9128C28BD700374ACE /* PlayerViewController.swift in Sources */ = {isa = PBXBuildFile; fileRef = BE11ED9028C28BD700374ACE /* PlayerViewController.swift */; };
		BE11ED9328C28EF500374ACE /* SPTFAuthManager.swift in Sources */ = {isa = PBXBuildFile; fileRef = BE11ED9228C28EF500374ACE /* SPTFAuthManager.swift */; };
		BE11ED9528C2A16700374ACE /* STPFAuthResponse.swift in Sources */ = {isa = PBXBuildFile; fileRef = BE11ED9428C2A16700374ACE /* STPFAuthResponse.swift */; };
		BE5B1A3928C49F0F00F832D0 /* SPTFApiCaller.swift in Sources */ = {isa = PBXBuildFile; fileRef = BE5B1A3828C49F0F00F832D0 /* SPTFApiCaller.swift */; };
		BE5B1A3B28C4D1CE00F832D0 /* SPTFResponse.swift in Sources */ = {isa = PBXBuildFile; fileRef = BE5B1A3A28C4D1CE00F832D0 /* SPTFResponse.swift */; };
		BE5B1A3D28C4E11400F832D0 /* Artist.swift in Sources */ = {isa = PBXBuildFile; fileRef = BE5B1A3C28C4E11400F832D0 /* Artist.swift */; };
		BE5B1A3F28C624E300F832D0 /* Track.swift in Sources */ = {isa = PBXBuildFile; fileRef = BE5B1A3E28C624E300F832D0 /* Track.swift */; };
		BE5B1A4128C624F100F832D0 /* Image.swift in Sources */ = {isa = PBXBuildFile; fileRef = BE5B1A4028C624F100F832D0 /* Image.swift */; };
		BE5B1A4228C7DD5500F832D0 /* PlaylistTableViewCell.swift in Sources */ = {isa = PBXBuildFile; fileRef = BE11ED9628C2A5CC00374ACE /* PlaylistTableViewCell.swift */; };
		BEFF96F628CF2321005F4152 /* YTApiCaller.swift in Sources */ = {isa = PBXBuildFile; fileRef = BEFF96F528CF2321005F4152 /* YTApiCaller.swift */; };
		BEFF96FA28CF249E005F4152 /* YTResponse.swift in Sources */ = {isa = PBXBuildFile; fileRef = BEFF96F928CF249E005F4152 /* YTResponse.swift */; };
		BEFF96FC28D2620A005F4152 /* YTSnippet.swift in Sources */ = {isa = PBXBuildFile; fileRef = BEFF96FB28D2620A005F4152 /* YTSnippet.swift */; };
		BEFF96FE28D2622D005F4152 /* YT_ID.swift in Sources */ = {isa = PBXBuildFile; fileRef = BEFF96FD28D2622D005F4152 /* YT_ID.swift */; };
		EA1A90672B4B079900B3BE83 /* YandexLoginViewController.swift in Sources */ = {isa = PBXBuildFile; fileRef = EA1A90662B4B079900B3BE83 /* YandexLoginViewController.swift */; };
		EAEA9C8A2B4AFA2B000FBCE4 /* concert-6187717.jpg in Resources */ = {isa = PBXBuildFile; fileRef = EAEA9C892B4AFA2B000FBCE4 /* concert-6187717.jpg */; };
/* End PBXBuildFile section */

/* Begin PBXFileReference section */
		9D3D6AE128F59D280082E0E9 /* Assets.xcassets */ = {isa = PBXFileReference; lastKnownFileType = folder.assetcatalog; path = Assets.xcassets; sourceTree = "<group>"; };
		BE0BA91E28C8FD520065D19D /* CacheManager.swift */ = {isa = PBXFileReference; lastKnownFileType = sourcecode.swift; path = CacheManager.swift; sourceTree = "<group>"; };
		BE0BA92028CA6B230065D19D /* SignOut.swift */ = {isa = PBXFileReference; lastKnownFileType = sourcecode.swift; path = SignOut.swift; sourceTree = "<group>"; };
		BE0BA92328CBA8AD0065D19D /* Constants.swift */ = {isa = PBXFileReference; lastKnownFileType = sourcecode.swift; path = Constants.swift; sourceTree = "<group>"; };
		BE11ED7128C2842E00374ACE /* slushots.app */ = {isa = PBXFileReference; explicitFileType = wrapper.application; includeInIndex = 0; path = slushots.app; sourceTree = BUILT_PRODUCTS_DIR; };
		BE11ED7428C2842E00374ACE /* AppDelegate.swift */ = {isa = PBXFileReference; lastKnownFileType = sourcecode.swift; path = AppDelegate.swift; sourceTree = "<group>"; };
		BE11ED7628C2842E00374ACE /* SceneDelegate.swift */ = {isa = PBXFileReference; lastKnownFileType = sourcecode.swift; path = SceneDelegate.swift; sourceTree = "<group>"; };
		BE11ED7828C2842E00374ACE /* WelcomeViewController.swift */ = {isa = PBXFileReference; lastKnownFileType = sourcecode.swift; path = WelcomeViewController.swift; sourceTree = "<group>"; };
		BE11ED7B28C2842E00374ACE /* Base */ = {isa = PBXFileReference; lastKnownFileType = file.storyboard; name = Base; path = Base.lproj/Main.storyboard; sourceTree = "<group>"; };
		BE11ED8028C2843600374ACE /* Base */ = {isa = PBXFileReference; lastKnownFileType = file.storyboard; name = Base; path = Base.lproj/LaunchScreen.storyboard; sourceTree = "<group>"; };
		BE11ED8228C2843600374ACE /* Info.plist */ = {isa = PBXFileReference; lastKnownFileType = text.plist.xml; path = Info.plist; sourceTree = "<group>"; };
		BE11ED8C28C28BA100374ACE /* AuthViewController.swift */ = {isa = PBXFileReference; lastKnownFileType = sourcecode.swift; path = AuthViewController.swift; sourceTree = "<group>"; };
		BE11ED8E28C28BBA00374ACE /* MediaListViewController.swift */ = {isa = PBXFileReference; lastKnownFileType = sourcecode.swift; path = MediaListViewController.swift; sourceTree = "<group>"; };
		BE11ED9028C28BD700374ACE /* PlayerViewController.swift */ = {isa = PBXFileReference; lastKnownFileType = sourcecode.swift; path = PlayerViewController.swift; sourceTree = "<group>"; };
		BE11ED9228C28EF500374ACE /* SPTFAuthManager.swift */ = {isa = PBXFileReference; lastKnownFileType = sourcecode.swift; path = SPTFAuthManager.swift; sourceTree = "<group>"; };
		BE11ED9428C2A16700374ACE /* STPFAuthResponse.swift */ = {isa = PBXFileReference; lastKnownFileType = sourcecode.swift; path = STPFAuthResponse.swift; sourceTree = "<group>"; };
		BE11ED9628C2A5CC00374ACE /* PlaylistTableViewCell.swift */ = {isa = PBXFileReference; lastKnownFileType = sourcecode.swift; path = PlaylistTableViewCell.swift; sourceTree = "<group>"; };
		BE5B1A3828C49F0F00F832D0 /* SPTFApiCaller.swift */ = {isa = PBXFileReference; lastKnownFileType = sourcecode.swift; path = SPTFApiCaller.swift; sourceTree = "<group>"; };
		BE5B1A3A28C4D1CE00F832D0 /* SPTFResponse.swift */ = {isa = PBXFileReference; lastKnownFileType = sourcecode.swift; path = SPTFResponse.swift; sourceTree = "<group>"; };
		BE5B1A3C28C4E11400F832D0 /* Artist.swift */ = {isa = PBXFileReference; lastKnownFileType = sourcecode.swift; path = Artist.swift; sourceTree = "<group>"; };
		BE5B1A3E28C624E300F832D0 /* Track.swift */ = {isa = PBXFileReference; lastKnownFileType = sourcecode.swift; path = Track.swift; sourceTree = "<group>"; };
		BE5B1A4028C624F100F832D0 /* Image.swift */ = {isa = PBXFileReference; lastKnownFileType = sourcecode.swift; path = Image.swift; sourceTree = "<group>"; };
		BEFF96F528CF2321005F4152 /* YTApiCaller.swift */ = {isa = PBXFileReference; lastKnownFileType = sourcecode.swift; path = YTApiCaller.swift; sourceTree = "<group>"; };
		BEFF96F928CF249E005F4152 /* YTResponse.swift */ = {isa = PBXFileReference; lastKnownFileType = sourcecode.swift; path = YTResponse.swift; sourceTree = "<group>"; };
		BEFF96FB28D2620A005F4152 /* YTSnippet.swift */ = {isa = PBXFileReference; lastKnownFileType = sourcecode.swift; path = YTSnippet.swift; sourceTree = "<group>"; };
		BEFF96FD28D2622D005F4152 /* YT_ID.swift */ = {isa = PBXFileReference; lastKnownFileType = sourcecode.swift; path = YT_ID.swift; sourceTree = "<group>"; };
		EA1A90662B4B079900B3BE83 /* YandexLoginViewController.swift */ = {isa = PBXFileReference; lastKnownFileType = sourcecode.swift; path = YandexLoginViewController.swift; sourceTree = "<group>"; };
		EAEA9C892B4AFA2B000FBCE4 /* concert-6187717.jpg */ = {isa = PBXFileReference; lastKnownFileType = image.jpeg; path = "concert-6187717.jpg"; sourceTree = "<group>"; };
/* End PBXFileReference section */

/* Begin PBXFrameworksBuildPhase section */
		BE11ED6E28C2842E00374ACE /* Frameworks */ = {
			isa = PBXFrameworksBuildPhase;
			buildActionMask = 2147483647;
			files = (
			);
			runOnlyForDeploymentPostprocessing = 0;
		};
/* End PBXFrameworksBuildPhase section */

/* Begin PBXGroup section */
		9DD034D028F805BF00CA779A /* SupportFiles */ = {
			isa = PBXGroup;
			children = (
				BE11ED7428C2842E00374ACE /* AppDelegate.swift */,
				BE11ED7628C2842E00374ACE /* SceneDelegate.swift */,
			);
			path = SupportFiles;
			sourceTree = "<group>";
		};
		9DD034D128F805F300CA779A /* Network */ = {
			isa = PBXGroup;
			children = (
				BE11ED9228C28EF500374ACE /* SPTFAuthManager.swift */,
				BE5B1A3828C49F0F00F832D0 /* SPTFApiCaller.swift */,
				BEFF96F528CF2321005F4152 /* YTApiCaller.swift */,
			);
			path = Network;
			sourceTree = "<group>";
		};
		9DD034D928FC825E00CA779A /* YouTube */ = {
			isa = PBXGroup;
			children = (
				BEFF96F928CF249E005F4152 /* YTResponse.swift */,
				BEFF96FB28D2620A005F4152 /* YTSnippet.swift */,
				BEFF96FD28D2622D005F4152 /* YT_ID.swift */,
			);
			path = YouTube;
			sourceTree = "<group>";
		};
		BE0BA92228CA6B3D0065D19D /* Spotify */ = {
			isa = PBXGroup;
			children = (
				BE11ED9428C2A16700374ACE /* STPFAuthResponse.swift */,
				BE5B1A3A28C4D1CE00F832D0 /* SPTFResponse.swift */,
				BE5B1A3C28C4E11400F832D0 /* Artist.swift */,
				BE5B1A3E28C624E300F832D0 /* Track.swift */,
				BE5B1A4028C624F100F832D0 /* Image.swift */,
				BE0BA92028CA6B230065D19D /* SignOut.swift */,
			);
			path = Spotify;
			sourceTree = "<group>";
		};
		BE11ED6828C2842E00374ACE = {
			isa = PBXGroup;
			children = (
				BE11ED7328C2842E00374ACE /* slushots */,
				BE11ED7228C2842E00374ACE /* Products */,
			);
			sourceTree = "<group>";
		};
		BE11ED7228C2842E00374ACE /* Products */ = {
			isa = PBXGroup;
			children = (
				BE11ED7128C2842E00374ACE /* slushots.app */,
			);
			name = Products;
			sourceTree = "<group>";
		};
		BE11ED7328C2842E00374ACE /* slushots */ = {
			isa = PBXGroup;
			children = (
				9DD034D128F805F300CA779A /* Network */,
				9DD034D028F805BF00CA779A /* SupportFiles */,
				BE11ED8B28C2869900374ACE /* Helpers */,
				BE11ED8A28C2863700374ACE /* Storyboards */,
				BE11ED8928C2861B00374ACE /* Models */,
				9D3D6AE128F59D280082E0E9 /* Assets.xcassets */,
				EAEA9C892B4AFA2B000FBCE4 /* concert-6187717.jpg */,
				BE11ED8828C285F500374ACE /* ViewControllers */,
				BE11ED8228C2843600374ACE /* Info.plist */,
			);
			path = slushots;
			sourceTree = "<group>";
		};
		BE11ED8828C285F500374ACE /* ViewControllers */ = {
			isa = PBXGroup;
			children = (
				BE11ED7828C2842E00374ACE /* WelcomeViewController.swift */,
				BE11ED8C28C28BA100374ACE /* AuthViewController.swift */,
				BE11ED8E28C28BBA00374ACE /* MediaListViewController.swift */,
				BE11ED9028C28BD700374ACE /* PlayerViewController.swift */,
				BE11ED9628C2A5CC00374ACE /* PlaylistTableViewCell.swift */,
				EA1A90662B4B079900B3BE83 /* YandexLoginViewController.swift */,
			);
			path = ViewControllers;
			sourceTree = "<group>";
		};
		BE11ED8928C2861B00374ACE /* Models */ = {
			isa = PBXGroup;
			children = (
				BE0BA92228CA6B3D0065D19D /* Spotify */,
				9DD034D928FC825E00CA779A /* YouTube */,
			);
			path = Models;
			sourceTree = "<group>";
		};
		BE11ED8A28C2863700374ACE /* Storyboards */ = {
			isa = PBXGroup;
			children = (
				BE11ED7F28C2843600374ACE /* LaunchScreen.storyboard */,
				BE11ED7A28C2842E00374ACE /* Main.storyboard */,
			);
			path = Storyboards;
			sourceTree = "<group>";
		};
		BE11ED8B28C2869900374ACE /* Helpers */ = {
			isa = PBXGroup;
			children = (
				BE0BA91E28C8FD520065D19D /* CacheManager.swift */,
				BE0BA92328CBA8AD0065D19D /* Constants.swift */,
			);
			path = Helpers;
			sourceTree = "<group>";
		};
/* End PBXGroup section */

/* Begin PBXNativeTarget section */
		BE11ED7028C2842E00374ACE /* slushots */ = {
			isa = PBXNativeTarget;
			buildConfigurationList = BE11ED8528C2843600374ACE /* Build configuration list for PBXNativeTarget "slushots" */;
			buildPhases = (
				BE11ED6D28C2842E00374ACE /* Sources */,
				BE11ED6E28C2842E00374ACE /* Frameworks */,
				BE11ED6F28C2842E00374ACE /* Resources */,
			);
			buildRules = (
			);
			dependencies = (
			);
			name = slushots;
			productName = slushots;
			productReference = BE11ED7128C2842E00374ACE /* slushots.app */;
			productType = "com.apple.product-type.application";
		};
/* End PBXNativeTarget section */

/* Begin PBXProject section */
		BE11ED6928C2842E00374ACE /* Project object */ = {
			isa = PBXProject;
			attributes = {
				BuildIndependentTargetsInParallel = 1;
				LastSwiftUpdateCheck = 1340;
				LastUpgradeCheck = 1340;
				TargetAttributes = {
					BE11ED7028C2842E00374ACE = {
						CreatedOnToolsVersion = 13.4.1;
					};
				};
			};
			buildConfigurationList = BE11ED6C28C2842E00374ACE /* Build configuration list for PBXProject "slushots" */;
			compatibilityVersion = "Xcode 13.0";
			developmentRegion = en;
			hasScannedForEncodings = 0;
			knownRegions = (
				en,
				Base,
			);
			mainGroup = BE11ED6828C2842E00374ACE;
			productRefGroup = BE11ED7228C2842E00374ACE /* Products */;
			projectDirPath = "";
			projectRoot = "";
			targets = (
				BE11ED7028C2842E00374ACE /* slushots */,
			);
		};
/* End PBXProject section */

/* Begin PBXResourcesBuildPhase section */
		BE11ED6F28C2842E00374ACE /* Resources */ = {
			isa = PBXResourcesBuildPhase;
			buildActionMask = 2147483647;
			files = (
				BE11ED8128C2843600374ACE /* LaunchScreen.storyboard in Resources */,
				BE11ED7C28C2842E00374ACE /* Main.storyboard in Resources */,
				EAEA9C8A2B4AFA2B000FBCE4 /* concert-6187717.jpg in Resources */,
				9D3D6AE228F59D280082E0E9 /* Assets.xcassets in Resources */,
			);
			runOnlyForDeploymentPostprocessing = 0;
		};
/* End PBXResourcesBuildPhase section */

/* Begin PBXSourcesBuildPhase section */
		BE11ED6D28C2842E00374ACE /* Sources */ = {
			isa = PBXSourcesBuildPhase;
			buildActionMask = 2147483647;
			files = (
				BE11ED8D28C28BA100374ACE /* AuthViewController.swift in Sources */,
				BE0BA92428CBA8AD0065D19D /* Constants.swift in Sources */,
				BEFF96FC28D2620A005F4152 /* YTSnippet.swift in Sources */,
				EA1A90672B4B079900B3BE83 /* YandexLoginViewController.swift in Sources */,
				BE0BA92128CA6B230065D19D /* SignOut.swift in Sources */,
				BE0BA91F28C8FD520065D19D /* CacheManager.swift in Sources */,
				BEFF96FA28CF249E005F4152 /* YTResponse.swift in Sources */,
				BE11ED7928C2842E00374ACE /* WelcomeViewController.swift in Sources */,
				BE11ED9328C28EF500374ACE /* SPTFAuthManager.swift in Sources */,
				BE11ED7528C2842E00374ACE /* AppDelegate.swift in Sources */,
				BE5B1A3D28C4E11400F832D0 /* Artist.swift in Sources */,
				BEFF96F628CF2321005F4152 /* YTApiCaller.swift in Sources */,
				BE11ED7728C2842E00374ACE /* SceneDelegate.swift in Sources */,
				BE11ED8F28C28BBA00374ACE /* MediaListViewController.swift in Sources */,
				BEFF96FE28D2622D005F4152 /* YT_ID.swift in Sources */,
				BE5B1A4128C624F100F832D0 /* Image.swift in Sources */,
				BE5B1A3B28C4D1CE00F832D0 /* SPTFResponse.swift in Sources */,
				BE5B1A4228C7DD5500F832D0 /* PlaylistTableViewCell.swift in Sources */,
				BE11ED9128C28BD700374ACE /* PlayerViewController.swift in Sources */,
				BE11ED9528C2A16700374ACE /* STPFAuthResponse.swift in Sources */,
				BE5B1A3F28C624E300F832D0 /* Track.swift in Sources */,
				BE5B1A3928C49F0F00F832D0 /* SPTFApiCaller.swift in Sources */,
			);
			runOnlyForDeploymentPostprocessing = 0;
		};
/* End PBXSourcesBuildPhase section */

/* Begin PBXVariantGroup section */
		BE11ED7A28C2842E00374ACE /* Main.storyboard */ = {
			isa = PBXVariantGroup;
			children = (
				BE11ED7B28C2842E00374ACE /* Base */,
			);
			name = Main.storyboard;
			sourceTree = "<group>";
		};
		BE11ED7F28C2843600374ACE /* LaunchScreen.storyboard */ = {
			isa = PBXVariantGroup;
			children = (
				BE11ED8028C2843600374ACE /* Base */,
			);
			name = LaunchScreen.storyboard;
			sourceTree = "<group>";
		};
/* End PBXVariantGroup section */

/* Begin XCBuildConfiguration section */
		BE11ED8328C2843600374ACE /* Debug */ = {
			isa = XCBuildConfiguration;
			buildSettings = {
				ALWAYS_SEARCH_USER_PATHS = NO;
				CLANG_ANALYZER_NONNULL = YES;
				CLANG_ANALYZER_NUMBER_OBJECT_CONVERSION = YES_AGGRESSIVE;
				CLANG_CXX_LANGUAGE_STANDARD = "gnu++17";
				CLANG_ENABLE_MODULES = YES;
				CLANG_ENABLE_OBJC_ARC = YES;
				CLANG_ENABLE_OBJC_WEAK = YES;
				CLANG_WARN_BLOCK_CAPTURE_AUTORELEASING = YES;
				CLANG_WARN_BOOL_CONVERSION = YES;
				CLANG_WARN_COMMA = YES;
				CLANG_WARN_CONSTANT_CONVERSION = YES;
				CLANG_WARN_DEPRECATED_OBJC_IMPLEMENTATIONS = YES;
				CLANG_WARN_DIRECT_OBJC_ISA_USAGE = YES_ERROR;
				CLANG_WARN_DOCUMENTATION_COMMENTS = YES;
				CLANG_WARN_EMPTY_BODY = YES;
				CLANG_WARN_ENUM_CONVERSION = YES;
				CLANG_WARN_INFINITE_RECURSION = YES;
				CLANG_WARN_INT_CONVERSION = YES;
				CLANG_WARN_NON_LITERAL_NULL_CONVERSION = YES;
				CLANG_WARN_OBJC_IMPLICIT_RETAIN_SELF = YES;
				CLANG_WARN_OBJC_LITERAL_CONVERSION = YES;
				CLANG_WARN_OBJC_ROOT_CLASS = YES_ERROR;
				CLANG_WARN_QUOTED_INCLUDE_IN_FRAMEWORK_HEADER = YES;
				CLANG_WARN_RANGE_LOOP_ANALYSIS = YES;
				CLANG_WARN_STRICT_PROTOTYPES = YES;
				CLANG_WARN_SUSPICIOUS_MOVE = YES;
				CLANG_WARN_UNGUARDED_AVAILABILITY = YES_AGGRESSIVE;
				CLANG_WARN_UNREACHABLE_CODE = YES;
				CLANG_WARN__DUPLICATE_METHOD_MATCH = YES;
				COPY_PHASE_STRIP = NO;
				DEBUG_INFORMATION_FORMAT = dwarf;
				ENABLE_STRICT_OBJC_MSGSEND = YES;
				ENABLE_TESTABILITY = YES;
				GCC_C_LANGUAGE_STANDARD = gnu11;
				GCC_DYNAMIC_NO_PIC = NO;
				GCC_NO_COMMON_BLOCKS = YES;
				GCC_OPTIMIZATION_LEVEL = 0;
				GCC_PREPROCESSOR_DEFINITIONS = (
					"DEBUG=1",
					"$(inherited)",
				);
				GCC_WARN_64_TO_32_BIT_CONVERSION = YES;
				GCC_WARN_ABOUT_RETURN_TYPE = YES_ERROR;
				GCC_WARN_UNDECLARED_SELECTOR = YES;
				GCC_WARN_UNINITIALIZED_AUTOS = YES_AGGRESSIVE;
				GCC_WARN_UNUSED_FUNCTION = YES;
				GCC_WARN_UNUSED_VARIABLE = YES;
				IPHONEOS_DEPLOYMENT_TARGET = 15.5;
				MTL_ENABLE_DEBUG_INFO = INCLUDE_SOURCE;
				MTL_FAST_MATH = YES;
				ONLY_ACTIVE_ARCH = YES;
				SDKROOT = iphoneos;
				SWIFT_ACTIVE_COMPILATION_CONDITIONS = DEBUG;
				SWIFT_OPTIMIZATION_LEVEL = "-Onone";
			};
			name = Debug;
		};
		BE11ED8428C2843600374ACE /* Release */ = {
			isa = XCBuildConfiguration;
			buildSettings = {
				ALWAYS_SEARCH_USER_PATHS = NO;
				CLANG_ANALYZER_NONNULL = YES;
				CLANG_ANALYZER_NUMBER_OBJECT_CONVERSION = YES_AGGRESSIVE;
				CLANG_CXX_LANGUAGE_STANDARD = "gnu++17";
				CLANG_ENABLE_MODULES = YES;
				CLANG_ENABLE_OBJC_ARC = YES;
				CLANG_ENABLE_OBJC_WEAK = YES;
				CLANG_WARN_BLOCK_CAPTURE_AUTORELEASING = YES;
				CLANG_WARN_BOOL_CONVERSION = YES;
				CLANG_WARN_COMMA = YES;
				CLANG_WARN_CONSTANT_CONVERSION = YES;
				CLANG_WARN_DEPRECATED_OBJC_IMPLEMENTATIONS = YES;
				CLANG_WARN_DIRECT_OBJC_ISA_USAGE = YES_ERROR;
				CLANG_WARN_DOCUMENTATION_COMMENTS = YES;
				CLANG_WARN_EMPTY_BODY = YES;
				CLANG_WARN_ENUM_CONVERSION = YES;
				CLANG_WARN_INFINITE_RECURSION = YES;
				CLANG_WARN_INT_CONVERSION = YES;
				CLANG_WARN_NON_LITERAL_NULL_CONVERSION = YES;
				CLANG_WARN_OBJC_IMPLICIT_RETAIN_SELF = YES;
				CLANG_WARN_OBJC_LITERAL_CONVERSION = YES;
				CLANG_WARN_OBJC_ROOT_CLASS = YES_ERROR;
				CLANG_WARN_QUOTED_INCLUDE_IN_FRAMEWORK_HEADER = YES;
				CLANG_WARN_RANGE_LOOP_ANALYSIS = YES;
				CLANG_WARN_STRICT_PROTOTYPES = YES;
				CLANG_WARN_SUSPICIOUS_MOVE = YES;
				CLANG_WARN_UNGUARDED_AVAILABILITY = YES_AGGRESSIVE;
				CLANG_WARN_UNREACHABLE_CODE = YES;
				CLANG_WARN__DUPLICATE_METHOD_MATCH = YES;
				COPY_PHASE_STRIP = NO;
				DEBUG_INFORMATION_FORMAT = "dwarf-with-dsym";
				ENABLE_NS_ASSERTIONS = NO;
				ENABLE_STRICT_OBJC_MSGSEND = YES;
				GCC_C_LANGUAGE_STANDARD = gnu11;
				GCC_NO_COMMON_BLOCKS = YES;
				GCC_WARN_64_TO_32_BIT_CONVERSION = YES;
				GCC_WARN_ABOUT_RETURN_TYPE = YES_ERROR;
				GCC_WARN_UNDECLARED_SELECTOR = YES;
				GCC_WARN_UNINITIALIZED_AUTOS = YES_AGGRESSIVE;
				GCC_WARN_UNUSED_FUNCTION = YES;
				GCC_WARN_UNUSED_VARIABLE = YES;
				IPHONEOS_DEPLOYMENT_TARGET = 15.5;
				MTL_ENABLE_DEBUG_INFO = NO;
				MTL_FAST_MATH = YES;
				SDKROOT = iphoneos;
				SWIFT_COMPILATION_MODE = wholemodule;
				SWIFT_OPTIMIZATION_LEVEL = "-O";
				VALIDATE_PRODUCT = YES;
			};
			name = Release;
		};
		BE11ED8628C2843600374ACE /* Debug */ = {
			isa = XCBuildConfiguration;
			buildSettings = {
				ASSETCATALOG_COMPILER_APPICON_NAME = AppIcon;
				ASSETCATALOG_COMPILER_GLOBAL_ACCENT_COLOR_NAME = AccentColor;
				CODE_SIGN_STYLE = Automatic;
				CURRENT_PROJECT_VERSION = 1;
				DEVELOPMENT_TEAM = RWP28CYWVZ;
				GENERATE_INFOPLIST_FILE = YES;
				INFOPLIST_FILE = slushots/Info.plist;
				INFOPLIST_KEY_UIApplicationSupportsIndirectInputEvents = YES;
				INFOPLIST_KEY_UILaunchStoryboardName = LaunchScreen;
				INFOPLIST_KEY_UIMainStoryboardFile = Main;
				INFOPLIST_KEY_UISupportedInterfaceOrientations_iPad = "UIInterfaceOrientationPortrait UIInterfaceOrientationPortraitUpsideDown UIInterfaceOrientationLandscapeLeft UIInterfaceOrientationLandscapeRight";
				INFOPLIST_KEY_UISupportedInterfaceOrientations_iPhone = "UIInterfaceOrientationPortrait UIInterfaceOrientationLandscapeLeft UIInterfaceOrientationLandscapeRight";
				IPHONEOS_DEPLOYMENT_TARGET = 15.0;
				LD_RUNPATH_SEARCH_PATHS = (
					"$(inherited)",
					"@executable_path/Frameworks",
				);
				MARKETING_VERSION = 0.1.0;
				PRODUCT_BUNDLE_IDENTIFIER = me.aswitch.slushots2;
				PRODUCT_NAME = "$(TARGET_NAME)";
				SWIFT_EMIT_LOC_STRINGS = YES;
				SWIFT_VERSION = 5.0;
				TARGETED_DEVICE_FAMILY = "1,2";
			};
			name = Debug;
		};
		BE11ED8728C2843600374ACE /* Release */ = {
			isa = XCBuildConfiguration;
			buildSettings = {
				ASSETCATALOG_COMPILER_APPICON_NAME = AppIcon;
				ASSETCATALOG_COMPILER_GLOBAL_ACCENT_COLOR_NAME = AccentColor;
				CODE_SIGN_STYLE = Automatic;
				CURRENT_PROJECT_VERSION = 1;
				DEVELOPMENT_TEAM = RWP28CYWVZ;
				GENERATE_INFOPLIST_FILE = YES;
				INFOPLIST_FILE = slushots/Info.plist;
				INFOPLIST_KEY_UIApplicationSupportsIndirectInputEvents = YES;
				INFOPLIST_KEY_UILaunchStoryboardName = LaunchScreen;
				INFOPLIST_KEY_UIMainStoryboardFile = Main;
				INFOPLIST_KEY_UISupportedInterfaceOrientations_iPad = "UIInterfaceOrientationPortrait UIInterfaceOrientationPortraitUpsideDown UIInterfaceOrientationLandscapeLeft UIInterfaceOrientationLandscapeRight";
				INFOPLIST_KEY_UISupportedInterfaceOrientations_iPhone = "UIInterfaceOrientationPortrait UIInterfaceOrientationLandscapeLeft UIInterfaceOrientationLandscapeRight";
				IPHONEOS_DEPLOYMENT_TARGET = 15.0;
				LD_RUNPATH_SEARCH_PATHS = (
					"$(inherited)",
					"@executable_path/Frameworks",
				);
				MARKETING_VERSION = 0.1.0;
				PRODUCT_BUNDLE_IDENTIFIER = me.aswitch.slushots2;
				PRODUCT_NAME = "$(TARGET_NAME)";
				SWIFT_EMIT_LOC_STRINGS = YES;
				SWIFT_VERSION = 5.0;
				TARGETED_DEVICE_FAMILY = "1,2";
			};
			name = Release;
		};
/* End XCBuildConfiguration section */

/* Begin XCConfigurationList section */
		BE11ED6C28C2842E00374ACE /* Build configuration list for PBXProject "slushots" */ = {
			isa = XCConfigurationList;
			buildConfigurations = (
				BE11ED8328C2843600374ACE /* Debug */,
				BE11ED8428C2843600374ACE /* Release */,
			);
			defaultConfigurationIsVisible = 0;
			defaultConfigurationName = Release;
		};
		BE11ED8528C2843600374ACE /* Build configuration list for PBXNativeTarget "slushots" */ = {
			isa = XCConfigurationList;
			buildConfigurations = (
				BE11ED8628C2843600374ACE /* Debug */,
				BE11ED8728C2843600374ACE /* Release */,
			);
			defaultConfigurationIsVisible = 0;
			defaultConfigurationName = Release;
		};
/* End XCConfigurationList section */
	};
	rootObject = BE11ED6928C2842E00374ACE /* Project object */;
}
